Microsoft Visual Studio Solution File, Format Version 11.00
# Visual Studio 2008

Project("{85E86EE6-10A7-37D4-48B6-824A034C165A}") = "Shoot Hoops", "Assembly-CSharp.csproj", "{15463B8F-59B8-7DC0-CC8D-62B96A1062F7}"
EndProject
Global
	GlobalSection(SolutionConfigurationPlatforms) = preSolution
		Debug|Any CPU = Debug|Any CPU
		Release|Any CPU = Release|Any CPU
	EndGlobalSection
	GlobalSection(ProjectConfigurationPlatforms) = postSolution
		{15463B8F-59B8-7DC0-CC8D-62B96A1062F7}.Debug|Any CPU.ActiveCfg = Debug|Any CPU
		{15463B8F-59B8-7DC0-CC8D-62B96A1062F7}.Debug|Any CPU.Build.0 = Debug|Any CPU
		{15463B8F-59B8-7DC0-CC8D-62B96A1062F7}.Release|Any CPU.ActiveCfg = Release|Any CPU
		{15463B8F-59B8-7DC0-CC8D-62B96A1062F7}.Release|Any CPU.Build.0 = Release|Any CPU
	EndGlobalSection
	GlobalSection(SolutionProperties) = preSolution
		HideSolutionNode = FALSE
	EndGlobalSection
	GlobalSection(MonoDevelopProperties) = preSolution
		StartupItem = Assembly-CSharp.csproj
	EndGlobalSection
EndGlobal
